
Microsoft Visual Studio Solution File, Format Version 12.00
# Visual Studio Version 16
VisualStudioVersion = 16.0.29306.81
MinimumVisualStudioVersion = 10.0.40219.1
Project("{FAE04EC0-301F-11D3-BF4B-00C04F79EFBC}") = "CourseWork_theoryOfDecide", "CourseWork_theoryOfDecide.csproj", "{C189BA38-C25C-4B20-BB07-4E2BC7CF1282}"
EndProject
Global
	GlobalSection(SolutionConfigurationPlatforms) = preSolution
		Debug|Any CPU = Debug|Any CPU
		Release|Any CPU = Release|Any CPU
	EndGlobalSection
	GlobalSection(ProjectConfigurationPlatforms) = postSolution
		{C189BA38-C25C-4B20-BB07-4E2BC7CF1282}.Debug|Any CPU.ActiveCfg = Debug|Any CPU
		{C189BA38-C25C-4B20-BB07-4E2BC7CF1282}.Debug|Any CPU.Build.0 = Debug|Any CPU
		{C189BA38-C25C-4B20-BB07-4E2BC7CF1282}.Release|Any CPU.ActiveCfg = Release|Any CPU
		{C189BA38-C25C-4B20-BB07-4E2BC7CF1282}.Release|Any CPU.Build.0 = Release|Any CPU
	EndGlobalSection
	GlobalSection(SolutionProperties) = preSolution
		HideSolutionNode = FALSE
	EndGlobalSection
	GlobalSection(ExtensibilityGlobals) = postSolution
		SolutionGuid = {453B50B3-829E-41BE-9652-B83F1CF2B76C}
	EndGlobalSection
EndGlobal
